// !$*UTF8*$!
{
	archiveVersion = 1;
	classes = {
	};
	objectVersion = 56;
	objects = {

/* Begin PBXBuildFile section */
		26158E6C29ACC9DE0082CE75 /* StoreDB.swift in Sources */ = {isa = PBXBuildFile; fileRef = 26158E6B29ACC9DE0082CE75 /* StoreDB.swift */; };
		26158E6E29ACCA060082CE75 /* TableViewController.swift in Sources */ = {isa = PBXBuildFile; fileRef = 26158E6D29ACCA050082CE75 /* TableViewController.swift */; };
		26158E7029ACCA170082CE75 /* TableViewCell.swift in Sources */ = {isa = PBXBuildFile; fileRef = 26158E6F29ACCA170082CE75 /* TableViewCell.swift */; };
		26158E7229ACCB7B0082CE75 /* Store.swift in Sources */ = {isa = PBXBuildFile; fileRef = 26158E7129ACCB7B0082CE75 /* Store.swift */; };
		26A31907298AA0F400681392 /* AppDelegate.swift in Sources */ = {isa = PBXBuildFile; fileRef = 26A31906298AA0F400681392 /* AppDelegate.swift */; };
		26A31909298AA0F400681392 /* SceneDelegate.swift in Sources */ = {isa = PBXBuildFile; fileRef = 26A31908298AA0F400681392 /* SceneDelegate.swift */; };
		26A3190B298AA0F400681392 /* ViewController.swift in Sources */ = {isa = PBXBuildFile; fileRef = 26A3190A298AA0F400681392 /* ViewController.swift */; };
		26A3190E298AA0F400681392 /* Main.storyboard in Resources */ = {isa = PBXBuildFile; fileRef = 26A3190C298AA0F400681392 /* Main.storyboard */; };
		26A31910298AA0F500681392 /* Assets.xcassets in Resources */ = {isa = PBXBuildFile; fileRef = 26A3190F298AA0F500681392 /* Assets.xcassets */; };
		26A31913298AA0F500681392 /* LaunchScreen.storyboard in Resources */ = {isa = PBXBuildFile; fileRef = 26A31911298AA0F500681392 /* LaunchScreen.storyboard */; };
		688AC99D29ACDF430038965D /* Message.swift in Sources */ = {isa = PBXBuildFile; fileRef = 688AC99C29ACDF430038965D /* Message.swift */; };
		688AC9A129ACDF890038965D /* ReviewViewController.swift in Sources */ = {isa = PBXBuildFile; fileRef = 688AC99E29ACDF890038965D /* ReviewViewController.swift */; };
		688AC9A229ACDF890038965D /* AddViewController.swift in Sources */ = {isa = PBXBuildFile; fileRef = 688AC99F29ACDF890038965D /* AddViewController.swift */; };
		688AC9A329ACDF890038965D /* KaKaoAddressViewController.swift in Sources */ = {isa = PBXBuildFile; fileRef = 688AC9A029ACDF890038965D /* KaKaoAddressViewController.swift */; };
		688AC9A529ACE03C0038965D /* KakaoZipCodeVC.swift in Sources */ = {isa = PBXBuildFile; fileRef = 688AC9A429ACE03C0038965D /* KakaoZipCodeVC.swift */; };
		BCB1B0EA29ADA9A000DAECB7 /* sample.jpeg in Resources */ = {isa = PBXBuildFile; fileRef = BCB1B0E929ADA9A000DAECB7 /* sample.jpeg */; };
		BCB1B0ED29ADAA5000DAECB7 /* WishAddViewController.swift in Sources */ = {isa = PBXBuildFile; fileRef = BCB1B0EB29ADAA5000DAECB7 /* WishAddViewController.swift */; };
		BCB1B0EE29ADAA5000DAECB7 /* WishTableViewController.swift in Sources */ = {isa = PBXBuildFile; fileRef = BCB1B0EC29ADAA5000DAECB7 /* WishTableViewController.swift */; };
/* End PBXBuildFile section */

/* Begin PBXFileReference section */
		26158E6B29ACC9DE0082CE75 /* StoreDB.swift */ = {isa = PBXFileReference; fileEncoding = 4; lastKnownFileType = sourcecode.swift; path = StoreDB.swift; sourceTree = "<group>"; };
		26158E6D29ACCA050082CE75 /* TableViewController.swift */ = {isa = PBXFileReference; fileEncoding = 4; lastKnownFileType = sourcecode.swift; path = TableViewController.swift; sourceTree = "<group>"; };
		26158E6F29ACCA170082CE75 /* TableViewCell.swift */ = {isa = PBXFileReference; fileEncoding = 4; lastKnownFileType = sourcecode.swift; path = TableViewCell.swift; sourceTree = "<group>"; };
		26158E7129ACCB7B0082CE75 /* Store.swift */ = {isa = PBXFileReference; fileEncoding = 4; lastKnownFileType = sourcecode.swift; path = Store.swift; sourceTree = "<group>"; };
		26A31903298AA0F400681392 /* NyamNyam.app */ = {isa = PBXFileReference; explicitFileType = wrapper.application; includeInIndex = 0; path = NyamNyam.app; sourceTree = BUILT_PRODUCTS_DIR; };
		26A31906298AA0F400681392 /* AppDelegate.swift */ = {isa = PBXFileReference; lastKnownFileType = sourcecode.swift; path = AppDelegate.swift; sourceTree = "<group>"; };
		26A31908298AA0F400681392 /* SceneDelegate.swift */ = {isa = PBXFileReference; lastKnownFileType = sourcecode.swift; path = SceneDelegate.swift; sourceTree = "<group>"; };
		26A3190A298AA0F400681392 /* ViewController.swift */ = {isa = PBXFileReference; lastKnownFileType = sourcecode.swift; path = ViewController.swift; sourceTree = "<group>"; };
		26A3190D298AA0F400681392 /* Base */ = {isa = PBXFileReference; lastKnownFileType = file.storyboard; name = Base; path = Base.lproj/Main.storyboard; sourceTree = "<group>"; };
		26A3190F298AA0F500681392 /* Assets.xcassets */ = {isa = PBXFileReference; lastKnownFileType = folder.assetcatalog; path = Assets.xcassets; sourceTree = "<group>"; };
		26A31912298AA0F500681392 /* Base */ = {isa = PBXFileReference; lastKnownFileType = file.storyboard; name = Base; path = Base.lproj/LaunchScreen.storyboard; sourceTree = "<group>"; };
		26A31914298AA0F500681392 /* Info.plist */ = {isa = PBXFileReference; lastKnownFileType = text.plist.xml; path = Info.plist; sourceTree = "<group>"; };
		688AC99C29ACDF430038965D /* Message.swift */ = {isa = PBXFileReference; fileEncoding = 4; lastKnownFileType = sourcecode.swift; path = Message.swift; sourceTree = "<group>"; };
		688AC99E29ACDF890038965D /* ReviewViewController.swift */ = {isa = PBXFileReference; fileEncoding = 4; lastKnownFileType = sourcecode.swift; path = ReviewViewController.swift; sourceTree = "<group>"; };
		688AC99F29ACDF890038965D /* AddViewController.swift */ = {isa = PBXFileReference; fileEncoding = 4; lastKnownFileType = sourcecode.swift; path = AddViewController.swift; sourceTree = "<group>"; };
		688AC9A029ACDF890038965D /* KaKaoAddressViewController.swift */ = {isa = PBXFileReference; fileEncoding = 4; lastKnownFileType = sourcecode.swift; path = KaKaoAddressViewController.swift; sourceTree = "<group>"; };
		688AC9A429ACE03C0038965D /* KakaoZipCodeVC.swift */ = {isa = PBXFileReference; fileEncoding = 4; lastKnownFileType = sourcecode.swift; path = KakaoZipCodeVC.swift; sourceTree = "<group>"; };
		BCB1B0E929ADA9A000DAECB7 /* sample.jpeg */ = {isa = PBXFileReference; lastKnownFileType = image.jpeg; path = sample.jpeg; sourceTree = "<group>"; };
		BCB1B0EB29ADAA5000DAECB7 /* WishAddViewController.swift */ = {isa = PBXFileReference; fileEncoding = 4; lastKnownFileType = sourcecode.swift; path = WishAddViewController.swift; sourceTree = "<group>"; };
		BCB1B0EC29ADAA5000DAECB7 /* WishTableViewController.swift */ = {isa = PBXFileReference; fileEncoding = 4; lastKnownFileType = sourcecode.swift; path = WishTableViewController.swift; sourceTree = "<group>"; };
/* End PBXFileReference section */

/* Begin PBXFrameworksBuildPhase section */
		26A31900298AA0F400681392 /* Frameworks */ = {
			isa = PBXFrameworksBuildPhase;
			buildActionMask = 2147483647;
			files = (
			);
			runOnlyForDeploymentPostprocessing = 0;
		};
/* End PBXFrameworksBuildPhase section */

/* Begin PBXGroup section */
		26158E6A29ACC9930082CE75 /* Model */ = {
			isa = PBXGroup;
			children = (
				688AC99C29ACDF430038965D /* Message.swift */,
				26158E7129ACCB7B0082CE75 /* Store.swift */,
				26158E6B29ACC9DE0082CE75 /* StoreDB.swift */,
			);
			path = Model;
			sourceTree = "<group>";
		};
		26A318FA298AA0F400681392 = {
			isa = PBXGroup;
			children = (
				26A31905298AA0F400681392 /* NyamNyam */,
				26A31904298AA0F400681392 /* Products */,
			);
			sourceTree = "<group>";
		};
		26A31904298AA0F400681392 /* Products */ = {
			isa = PBXGroup;
			children = (
				26A31903298AA0F400681392 /* NyamNyam.app */,
			);
			name = Products;
			sourceTree = "<group>";
		};
		26A31905298AA0F400681392 /* NyamNyam */ = {
			isa = PBXGroup;
			children = (
				BCB1B0E829ADA98000DAECB7 /* Images */,
				26158E6A29ACC9930082CE75 /* Model */,
				26A31906298AA0F400681392 /* AppDelegate.swift */,
				26A31908298AA0F400681392 /* SceneDelegate.swift */,
				26A3190A298AA0F400681392 /* ViewController.swift */,
				26A3190C298AA0F400681392 /* Main.storyboard */,
				26A3190F298AA0F500681392 /* Assets.xcassets */,
				26A31911298AA0F500681392 /* LaunchScreen.storyboard */,
				26A31914298AA0F500681392 /* Info.plist */,
				26158E6F29ACCA170082CE75 /* TableViewCell.swift */,
				26158E6D29ACCA050082CE75 /* TableViewController.swift */,
				688AC99F29ACDF890038965D /* AddViewController.swift */,
				688AC9A029ACDF890038965D /* KaKaoAddressViewController.swift */,
				688AC99E29ACDF890038965D /* ReviewViewController.swift */,
				688AC9A429ACE03C0038965D /* KakaoZipCodeVC.swift */,
				BCB1B0EB29ADAA5000DAECB7 /* WishAddViewController.swift */,
				BCB1B0EC29ADAA5000DAECB7 /* WishTableViewController.swift */,
			);
			path = NyamNyam;
			sourceTree = "<group>";
		};
		BCB1B0E829ADA98000DAECB7 /* Images */ = {
			isa = PBXGroup;
			children = (
				BCB1B0E929ADA9A000DAECB7 /* sample.jpeg */,
			);
			path = Images;
			sourceTree = "<group>";
		};
/* End PBXGroup section */

/* Begin PBXNativeTarget section */
		26A31902298AA0F400681392 /* NyamNyam */ = {
			isa = PBXNativeTarget;
			buildConfigurationList = 26A31917298AA0F500681392 /* Build configuration list for PBXNativeTarget "NyamNyam" */;
			buildPhases = (
				26A318FF298AA0F400681392 /* Sources */,
				26A31900298AA0F400681392 /* Frameworks */,
				26A31901298AA0F400681392 /* Resources */,
			);
			buildRules = (
			);
			dependencies = (
			);
			name = NyamNyam;
			productName = NyamNyam;
			productReference = 26A31903298AA0F400681392 /* NyamNyam.app */;
			productType = "com.apple.product-type.application";
		};
/* End PBXNativeTarget section */

/* Begin PBXProject section */
		26A318FB298AA0F400681392 /* Project object */ = {
			isa = PBXProject;
			attributes = {
				BuildIndependentTargetsInParallel = 1;
				LastSwiftUpdateCheck = 1420;
				LastUpgradeCheck = 1420;
				TargetAttributes = {
					26A31902298AA0F400681392 = {
						CreatedOnToolsVersion = 14.2;
					};
				};
			};
			buildConfigurationList = 26A318FE298AA0F400681392 /* Build configuration list for PBXProject "NyamNyam" */;
			compatibilityVersion = "Xcode 14.0";
			developmentRegion = en;
			hasScannedForEncodings = 0;
			knownRegions = (
				en,
				Base,
			);
			mainGroup = 26A318FA298AA0F400681392;
			productRefGroup = 26A31904298AA0F400681392 /* Products */;
			projectDirPath = "";
			projectRoot = "";
			targets = (
				26A31902298AA0F400681392 /* NyamNyam */,
			);
		};
/* End PBXProject section */

/* Begin PBXResourcesBuildPhase section */
		26A31901298AA0F400681392 /* Resources */ = {
			isa = PBXResourcesBuildPhase;
			buildActionMask = 2147483647;
			files = (
				26A31913298AA0F500681392 /* LaunchScreen.storyboard in Resources */,
				BCB1B0EA29ADA9A000DAECB7 /* sample.jpeg in Resources */,
				26A31910298AA0F500681392 /* Assets.xcassets in Resources */,
				26A3190E298AA0F400681392 /* Main.storyboard in Resources */,
			);
			runOnlyForDeploymentPostprocessing = 0;
		};
/* End PBXResourcesBuildPhase section */

/* Begin PBXSourcesBuildPhase section */
		26A318FF298AA0F400681392 /* Sources */ = {
			isa = PBXSourcesBuildPhase;
			buildActionMask = 2147483647;
			files = (
				688AC9A329ACDF890038965D /* KaKaoAddressViewController.swift in Sources */,
				688AC9A229ACDF890038965D /* AddViewController.swift in Sources */,
				26158E7229ACCB7B0082CE75 /* Store.swift in Sources */,
				26A3190B298AA0F400681392 /* ViewController.swift in Sources */,
				26A31907298AA0F400681392 /* AppDelegate.swift in Sources */,
				26A31909298AA0F400681392 /* SceneDelegate.swift in Sources */,
				26158E7029ACCA170082CE75 /* TableViewCell.swift in Sources */,
				688AC99D29ACDF430038965D /* Message.swift in Sources */,
				BCB1B0EE29ADAA5000DAECB7 /* WishTableViewController.swift in Sources */,
				26158E6E29ACCA060082CE75 /* TableViewController.swift in Sources */,
				BCB1B0ED29ADAA5000DAECB7 /* WishAddViewController.swift in Sources */,
				688AC9A529ACE03C0038965D /* KakaoZipCodeVC.swift in Sources */,
				26158E6C29ACC9DE0082CE75 /* StoreDB.swift in Sources */,
				688AC9A129ACDF890038965D /* ReviewViewController.swift in Sources */,
			);
			runOnlyForDeploymentPostprocessing = 0;
		};
/* End PBXSourcesBuildPhase section */

/* Begin PBXVariantGroup section */
		26A3190C298AA0F400681392 /* Main.storyboard */ = {
			isa = PBXVariantGroup;
			children = (
				26A3190D298AA0F400681392 /* Base */,
			);
			name = Main.storyboard;
			sourceTree = "<group>";
		};
		26A31911298AA0F500681392 /* LaunchScreen.storyboard */ = {
			isa = PBXVariantGroup;
			children = (
				26A31912298AA0F500681392 /* Base */,
			);
			name = LaunchScreen.storyboard;
			sourceTree = "<group>";
		};
/* End PBXVariantGroup section */

/* Begin XCBuildConfiguration section */
		26A31915298AA0F500681392 /* Debug */ = {
			isa = XCBuildConfiguration;
			buildSettings = {
				ALWAYS_SEARCH_USER_PATHS = NO;
				CLANG_ANALYZER_NONNULL = YES;
				CLANG_ANALYZER_NUMBER_OBJECT_CONVERSION = YES_AGGRESSIVE;
				CLANG_CXX_LANGUAGE_STANDARD = "gnu++20";
				CLANG_ENABLE_MODULES = YES;
				CLANG_ENABLE_OBJC_ARC = YES;
				CLANG_ENABLE_OBJC_WEAK = YES;
				CLANG_WARN_BLOCK_CAPTURE_AUTORELEASING = YES;
				CLANG_WARN_BOOL_CONVERSION = YES;
				CLANG_WARN_COMMA = YES;
				CLANG_WARN_CONSTANT_CONVERSION = YES;
				CLANG_WARN_DEPRECATED_OBJC_IMPLEMENTATIONS = YES;
				CLANG_WARN_DIRECT_OBJC_ISA_USAGE = YES_ERROR;
				CLANG_WARN_DOCUMENTATION_COMMENTS = YES;
				CLANG_WARN_EMPTY_BODY = YES;
				CLANG_WARN_ENUM_CONVERSION = YES;
				CLANG_WARN_INFINITE_RECURSION = YES;
				CLANG_WARN_INT_CONVERSION = YES;
				CLANG_WARN_NON_LITERAL_NULL_CONVERSION = YES;
				CLANG_WARN_OBJC_IMPLICIT_RETAIN_SELF = YES;
				CLANG_WARN_OBJC_LITERAL_CONVERSION = YES;
				CLANG_WARN_OBJC_ROOT_CLASS = YES_ERROR;
				CLANG_WARN_QUOTED_INCLUDE_IN_FRAMEWORK_HEADER = YES;
				CLANG_WARN_RANGE_LOOP_ANALYSIS = YES;
				CLANG_WARN_STRICT_PROTOTYPES = YES;
				CLANG_WARN_SUSPICIOUS_MOVE = YES;
				CLANG_WARN_UNGUARDED_AVAILABILITY = YES_AGGRESSIVE;
				CLANG_WARN_UNREACHABLE_CODE = YES;
				CLANG_WARN__DUPLICATE_METHOD_MATCH = YES;
				COPY_PHASE_STRIP = NO;
				DEBUG_INFORMATION_FORMAT = dwarf;
				ENABLE_STRICT_OBJC_MSGSEND = YES;
				ENABLE_TESTABILITY = YES;
				GCC_C_LANGUAGE_STANDARD = gnu11;
				GCC_DYNAMIC_NO_PIC = NO;
				GCC_NO_COMMON_BLOCKS = YES;
				GCC_OPTIMIZATION_LEVEL = 0;
				GCC_PREPROCESSOR_DEFINITIONS = (
					"DEBUG=1",
					"$(inherited)",
				);
				GCC_WARN_64_TO_32_BIT_CONVERSION = YES;
				GCC_WARN_ABOUT_RETURN_TYPE = YES_ERROR;
				GCC_WARN_UNDECLARED_SELECTOR = YES;
				GCC_WARN_UNINITIALIZED_AUTOS = YES_AGGRESSIVE;
				GCC_WARN_UNUSED_FUNCTION = YES;
				GCC_WARN_UNUSED_VARIABLE = YES;
				IPHONEOS_DEPLOYMENT_TARGET = 16.2;
				MTL_ENABLE_DEBUG_INFO = INCLUDE_SOURCE;
				MTL_FAST_MATH = YES;
				ONLY_ACTIVE_ARCH = YES;
				SDKROOT = iphoneos;
				SWIFT_ACTIVE_COMPILATION_CONDITIONS = DEBUG;
				SWIFT_OPTIMIZATION_LEVEL = "-Onone";
			};
			name = Debug;
		};
		26A31916298AA0F500681392 /* Release */ = {
			isa = XCBuildConfiguration;
			buildSettings = {
				ALWAYS_SEARCH_USER_PATHS = NO;
				CLANG_ANALYZER_NONNULL = YES;
				CLANG_ANALYZER_NUMBER_OBJECT_CONVERSION = YES_AGGRESSIVE;
				CLANG_CXX_LANGUAGE_STANDARD = "gnu++20";
				CLANG_ENABLE_MODULES = YES;
				CLANG_ENABLE_OBJC_ARC = YES;
				CLANG_ENABLE_OBJC_WEAK = YES;
				CLANG_WARN_BLOCK_CAPTURE_AUTORELEASING = YES;
				CLANG_WARN_BOOL_CONVERSION = YES;
				CLANG_WARN_COMMA = YES;
				CLANG_WARN_CONSTANT_CONVERSION = YES;
				CLANG_WARN_DEPRECATED_OBJC_IMPLEMENTATIONS = YES;
				CLANG_WARN_DIRECT_OBJC_ISA_USAGE = YES_ERROR;
				CLANG_WARN_DOCUMENTATION_COMMENTS = YES;
				CLANG_WARN_EMPTY_BODY = YES;
				CLANG_WARN_ENUM_CONVERSION = YES;
				CLANG_WARN_INFINITE_RECURSION = YES;
				CLANG_WARN_INT_CONVERSION = YES;
				CLANG_WARN_NON_LITERAL_NULL_CONVERSION = YES;
				CLANG_WARN_OBJC_IMPLICIT_RETAIN_SELF = YES;
				CLANG_WARN_OBJC_LITERAL_CONVERSION = YES;
				CLANG_WARN_OBJC_ROOT_CLASS = YES_ERROR;
				CLANG_WARN_QUOTED_INCLUDE_IN_FRAMEWORK_HEADER = YES;
				CLANG_WARN_RANGE_LOOP_ANALYSIS = YES;
				CLANG_WARN_STRICT_PROTOTYPES = YES;
				CLANG_WARN_SUSPICIOUS_MOVE = YES;
				CLANG_WARN_UNGUARDED_AVAILABILITY = YES_AGGRESSIVE;
				CLANG_WARN_UNREACHABLE_CODE = YES;
				CLANG_WARN__DUPLICATE_METHOD_MATCH = YES;
				COPY_PHASE_STRIP = NO;
				DEBUG_INFORMATION_FORMAT = "dwarf-with-dsym";
				ENABLE_NS_ASSERTIONS = NO;
				ENABLE_STRICT_OBJC_MSGSEND = YES;
				GCC_C_LANGUAGE_STANDARD = gnu11;
				GCC_NO_COMMON_BLOCKS = YES;
				GCC_WARN_64_TO_32_BIT_CONVERSION = YES;
				GCC_WARN_ABOUT_RETURN_TYPE = YES_ERROR;
				GCC_WARN_UNDECLARED_SELECTOR = YES;
				GCC_WARN_UNINITIALIZED_AUTOS = YES_AGGRESSIVE;
				GCC_WARN_UNUSED_FUNCTION = YES;
				GCC_WARN_UNUSED_VARIABLE = YES;
				IPHONEOS_DEPLOYMENT_TARGET = 16.2;
				MTL_ENABLE_DEBUG_INFO = NO;
				MTL_FAST_MATH = YES;
				SDKROOT = iphoneos;
				SWIFT_COMPILATION_MODE = wholemodule;
				SWIFT_OPTIMIZATION_LEVEL = "-O";
				VALIDATE_PRODUCT = YES;
			};
			name = Release;
		};
		26A31918298AA0F500681392 /* Debug */ = {
			isa = XCBuildConfiguration;
			buildSettings = {
				ASSETCATALOG_COMPILER_APPICON_NAME = AppIcon;
				ASSETCATALOG_COMPILER_GLOBAL_ACCENT_COLOR_NAME = AccentColor;
				CODE_SIGN_STYLE = Automatic;
				CURRENT_PROJECT_VERSION = 1;
				DEVELOPMENT_TEAM = B575A5584Q;
				GENERATE_INFOPLIST_FILE = YES;
				INFOPLIST_FILE = NyamNyam/Info.plist;
				INFOPLIST_KEY_LSApplicationCategoryType = "";
				INFOPLIST_KEY_NSCameraUsageDescription = "게시물 업로드를 위해 카메라 접근 권한이 필요합니다. 허용하시겠습니까?";
				INFOPLIST_KEY_NSPhotoLibraryAddUsageDescription = "게시물 업로드를 위해 앨범 접근 권한이 필요합니다. 허용하시겠습니까?";
				INFOPLIST_KEY_NSPhotoLibraryUsageDescription = "게시물 업로드를 위해 앨범 접근 권한이 필요합니다. 허용하시겠습니까?";
				INFOPLIST_KEY_UIApplicationSupportsIndirectInputEvents = YES;
				INFOPLIST_KEY_UILaunchStoryboardName = LaunchScreen;
				INFOPLIST_KEY_UIMainStoryboardFile = Main;
				INFOPLIST_KEY_UISupportedInterfaceOrientations_iPad = "UIInterfaceOrientationPortrait UIInterfaceOrientationPortraitUpsideDown UIInterfaceOrientationLandscapeLeft UIInterfaceOrientationLandscapeRight";
				INFOPLIST_KEY_UISupportedInterfaceOrientations_iPhone = "UIInterfaceOrientationPortrait UIInterfaceOrientationLandscapeLeft UIInterfaceOrientationLandscapeRight";
				LD_RUNPATH_SEARCH_PATHS = (
					"$(inherited)",
					"@executable_path/Frameworks",
				);
				MARKETING_VERSION = 1.0;
				PRODUCT_BUNDLE_IDENTIFIER = com.swiftlec.NyamNyam;
				PRODUCT_NAME = "$(TARGET_NAME)";
				SWIFT_EMIT_LOC_STRINGS = YES;
				SWIFT_VERSION = 5.0;
				TARGETED_DEVICE_FAMILY = "1,2";
			};
			name = Debug;
		};
		26A31919298AA0F500681392 /* Release */ = {
			isa = XCBuildConfiguration;
			buildSettings = {
				ASSETCATALOG_COMPILER_APPICON_NAME = AppIcon;
				ASSETCATALOG_COMPILER_GLOBAL_ACCENT_COLOR_NAME = AccentColor;
				CODE_SIGN_STYLE = Automatic;
				CURRENT_PROJECT_VERSION = 1;
				DEVELOPMENT_TEAM = B575A5584Q;
				GENERATE_INFOPLIST_FILE = YES;
				INFOPLIST_FILE = NyamNyam/Info.plist;
				INFOPLIST_KEY_LSApplicationCategoryType = "";
				INFOPLIST_KEY_NSCameraUsageDescription = "게시물 업로드를 위해 카메라 접근 권한이 필요합니다. 허용하시겠습니까?";
				INFOPLIST_KEY_NSPhotoLibraryAddUsageDescription = "게시물 업로드를 위해 앨범 접근 권한이 필요합니다. 허용하시겠습니까?";
				INFOPLIST_KEY_NSPhotoLibraryUsageDescription = "게시물 업로드를 위해 앨범 접근 권한이 필요합니다. 허용하시겠습니까?";
				INFOPLIST_KEY_UIApplicationSupportsIndirectInputEvents = YES;
				INFOPLIST_KEY_UILaunchStoryboardName = LaunchScreen;
				INFOPLIST_KEY_UIMainStoryboardFile = Main;
				INFOPLIST_KEY_UISupportedInterfaceOrientations_iPad = "UIInterfaceOrientationPortrait UIInterfaceOrientationPortraitUpsideDown UIInterfaceOrientationLandscapeLeft UIInterfaceOrientationLandscapeRight";
				INFOPLIST_KEY_UISupportedInterfaceOrientations_iPhone = "UIInterfaceOrientationPortrait UIInterfaceOrientationLandscapeLeft UIInterfaceOrientationLandscapeRight";
				LD_RUNPATH_SEARCH_PATHS = (
					"$(inherited)",
					"@executable_path/Frameworks",
				);
				MARKETING_VERSION = 1.0;
				PRODUCT_BUNDLE_IDENTIFIER = com.swiftlec.NyamNyam;
				PRODUCT_NAME = "$(TARGET_NAME)";
				SWIFT_EMIT_LOC_STRINGS = YES;
				SWIFT_VERSION = 5.0;
				TARGETED_DEVICE_FAMILY = "1,2";
			};
			name = Release;
		};
/* End XCBuildConfiguration section */

/* Begin XCConfigurationList section */
		26A318FE298AA0F400681392 /* Build configuration list for PBXProject "NyamNyam" */ = {
			isa = XCConfigurationList;
			buildConfigurations = (
				26A31915298AA0F500681392 /* Debug */,
				26A31916298AA0F500681392 /* Release */,
			);
			defaultConfigurationIsVisible = 0;
			defaultConfigurationName = Release;
		};
		26A31917298AA0F500681392 /* Build configuration list for PBXNativeTarget "NyamNyam" */ = {
			isa = XCConfigurationList;
			buildConfigurations = (
				26A31918298AA0F500681392 /* Debug */,
				26A31919298AA0F500681392 /* Release */,
			);
			defaultConfigurationIsVisible = 0;
			defaultConfigurationName = Release;
		};
/* End XCConfigurationList section */
	};
	rootObject = 26A318FB298AA0F400681392 /* Project object */;
}
